
Microsoft Visual Studio Solution File, Format Version 12.00
# Visual Studio Version 16
VisualStudioVersion = 16.0.30413.136
MinimumVisualStudioVersion = 10.0.40219.1
Project("{FAE04EC0-301F-11D3-BF4B-00C04F79EFBC}") = "set2", "set2.csproj", "{5A917FAF-6547-40C8-A3C8-35AD2E837764}"
EndProject
Global
	GlobalSection(SolutionConfigurationPlatforms) = preSolution
		Debug|Any CPU = Debug|Any CPU
		Release|Any CPU = Release|Any CPU
	EndGlobalSection
	GlobalSection(ProjectConfigurationPlatforms) = postSolution
		{5A917FAF-6547-40C8-A3C8-35AD2E837764}.Debug|Any CPU.ActiveCfg = Debug|Any CPU
		{5A917FAF-6547-40C8-A3C8-35AD2E837764}.Debug|Any CPU.Build.0 = Debug|Any CPU
		{5A917FAF-6547-40C8-A3C8-35AD2E837764}.Release|Any CPU.ActiveCfg = Release|Any CPU
		{5A917FAF-6547-40C8-A3C8-35AD2E837764}.Release|Any CPU.Build.0 = Release|Any CPU
	EndGlobalSection
	GlobalSection(SolutionProperties) = preSolution
		HideSolutionNode = FALSE
	EndGlobalSection
	GlobalSection(ExtensibilityGlobals) = postSolution
		SolutionGuid = {6A574FC8-0E56-488D-A8BE-AAEF7107D4F7}
	EndGlobalSection
EndGlobal
