
Microsoft Visual Studio Solution File, Format Version 12.00
# Visual Studio Version 16
VisualStudioVersion = 16.0.30523.141
MinimumVisualStudioVersion = 10.0.40219.1
Project("{FAE04EC0-301F-11D3-BF4B-00C04F79EFBC}") = "SPV202_CS486_Team11", "SPV202_CS486_Team11\SPV202_CS486_Team11.csproj", "{938BE744-8910-4DE5-8F5D-C5EBB91A26C5}"
EndProject
Global
	GlobalSection(SolutionConfigurationPlatforms) = preSolution
		Debug|Any CPU = Debug|Any CPU
		Release|Any CPU = Release|Any CPU
	EndGlobalSection
	GlobalSection(ProjectConfigurationPlatforms) = postSolution
		{938BE744-8910-4DE5-8F5D-C5EBB91A26C5}.Debug|Any CPU.ActiveCfg = Debug|Any CPU
		{938BE744-8910-4DE5-8F5D-C5EBB91A26C5}.Debug|Any CPU.Build.0 = Debug|Any CPU
		{938BE744-8910-4DE5-8F5D-C5EBB91A26C5}.Release|Any CPU.ActiveCfg = Release|Any CPU
		{938BE744-8910-4DE5-8F5D-C5EBB91A26C5}.Release|Any CPU.Build.0 = Release|Any CPU
	EndGlobalSection
	GlobalSection(SolutionProperties) = preSolution
		HideSolutionNode = FALSE
	EndGlobalSection
	GlobalSection(ExtensibilityGlobals) = postSolution
		SolutionGuid = {CB070B6B-0FC0-4725-A018-14B34DA5978B}
	EndGlobalSection
EndGlobal
